
Microsoft Visual Studio Solution File, Format Version 12.00
# Visual Studio Version 17
VisualStudioVersion = 17.9.34728.123
MinimumVisualStudioVersion = 10.0.40219.1
Project("{9A19103F-16F7-4668-BE54-9A1E7A4F7556}") = "Task4_MVVE", "Task4_MVVE.csproj", "{C45F7CDB-0F57-481F-9DB6-CF83D66DF593}"
EndProject
Global
	GlobalSection(SolutionConfigurationPlatforms) = preSolution
		Debug|Any CPU = Debug|Any CPU
		Release|Any CPU = Release|Any CPU
	EndGlobalSection
	GlobalSection(ProjectConfigurationPlatforms) = postSolution
		{C45F7CDB-0F57-481F-9DB6-CF83D66DF593}.Debug|Any CPU.ActiveCfg = Debug|Any CPU
		{C45F7CDB-0F57-481F-9DB6-CF83D66DF593}.Debug|Any CPU.Build.0 = Debug|Any CPU
		{C45F7CDB-0F57-481F-9DB6-CF83D66DF593}.Debug|Any CPU.Deploy.0 = Debug|Any CPU
		{C45F7CDB-0F57-481F-9DB6-CF83D66DF593}.Release|Any CPU.ActiveCfg = Release|Any CPU
		{C45F7CDB-0F57-481F-9DB6-CF83D66DF593}.Release|Any CPU.Build.0 = Release|Any CPU
		{C45F7CDB-0F57-481F-9DB6-CF83D66DF593}.Release|Any CPU.Deploy.0 = Release|Any CPU
	EndGlobalSection
	GlobalSection(SolutionProperties) = preSolution
		HideSolutionNode = FALSE
	EndGlobalSection
	GlobalSection(ExtensibilityGlobals) = postSolution
		SolutionGuid = {2D2771D7-0029-46D0-AC99-E4E664E845DC}
	EndGlobalSection
EndGlobal
